
Microsoft Visual Studio Solution File, Format Version 12.00
# Visual Studio Version 17
VisualStudioVersion = 17.0.32112.339
MinimumVisualStudioVersion = 10.0.40219.1
Project("{FAE04EC0-301F-11D3-BF4B-00C04F79EFBC}") = "Gridviewform", "Gridviewform\Gridviewform.csproj", "{9B538BEB-C19D-4AF0-BEFD-2ACFB6C363F4}"
EndProject
Global
	GlobalSection(SolutionConfigurationPlatforms) = preSolution
		Debug|Any CPU = Debug|Any CPU
		Release|Any CPU = Release|Any CPU
	EndGlobalSection
	GlobalSection(ProjectConfigurationPlatforms) = postSolution
		{9B538BEB-C19D-4AF0-BEFD-2ACFB6C363F4}.Debug|Any CPU.ActiveCfg = Debug|Any CPU
		{9B538BEB-C19D-4AF0-BEFD-2ACFB6C363F4}.Debug|Any CPU.Build.0 = Debug|Any CPU
		{9B538BEB-C19D-4AF0-BEFD-2ACFB6C363F4}.Release|Any CPU.ActiveCfg = Release|Any CPU
		{9B538BEB-C19D-4AF0-BEFD-2ACFB6C363F4}.Release|Any CPU.Build.0 = Release|Any CPU
	EndGlobalSection
	GlobalSection(SolutionProperties) = preSolution
		HideSolutionNode = FALSE
	EndGlobalSection
	GlobalSection(ExtensibilityGlobals) = postSolution
		SolutionGuid = {3624C346-6B94-462B-9AA1-433314992E3A}
	EndGlobalSection
EndGlobal
