
Microsoft Visual Studio Solution File, Format Version 12.00
# Visual Studio Version 17
VisualStudioVersion = 17.0.32112.339
MinimumVisualStudioVersion = 10.0.40219.1
Project("{FAE04EC0-301F-11D3-BF4B-00C04F79EFBC}") = "form2", "form2\form2.csproj", "{A6175B0E-89D3-472D-9670-6516741EFBF6}"
EndProject
Global
	GlobalSection(SolutionConfigurationPlatforms) = preSolution
		Debug|Any CPU = Debug|Any CPU
		Release|Any CPU = Release|Any CPU
	EndGlobalSection
	GlobalSection(ProjectConfigurationPlatforms) = postSolution
		{A6175B0E-89D3-472D-9670-6516741EFBF6}.Debug|Any CPU.ActiveCfg = Debug|Any CPU
		{A6175B0E-89D3-472D-9670-6516741EFBF6}.Debug|Any CPU.Build.0 = Debug|Any CPU
		{A6175B0E-89D3-472D-9670-6516741EFBF6}.Release|Any CPU.ActiveCfg = Release|Any CPU
		{A6175B0E-89D3-472D-9670-6516741EFBF6}.Release|Any CPU.Build.0 = Release|Any CPU
	EndGlobalSection
	GlobalSection(SolutionProperties) = preSolution
		HideSolutionNode = FALSE
	EndGlobalSection
	GlobalSection(ExtensibilityGlobals) = postSolution
		SolutionGuid = {E8505D4B-09A6-4280-82D7-0DB035C304DD}
	EndGlobalSection
EndGlobal
