
Microsoft Visual Studio Solution File, Format Version 12.00
# Visual Studio Version 17
VisualStudioVersion = 17.0.32112.339
MinimumVisualStudioVersion = 10.0.40219.1
Project("{FAE04EC0-301F-11D3-BF4B-00C04F79EFBC}") = "demonstraionusercontrols", "demonstraionusercontrols\demonstraionusercontrols.csproj", "{14D4AE10-43C6-4B10-AB73-F431B7E527BA}"
EndProject
Global
	GlobalSection(SolutionConfigurationPlatforms) = preSolution
		Debug|Any CPU = Debug|Any CPU
		Release|Any CPU = Release|Any CPU
	EndGlobalSection
	GlobalSection(ProjectConfigurationPlatforms) = postSolution
		{14D4AE10-43C6-4B10-AB73-F431B7E527BA}.Debug|Any CPU.ActiveCfg = Debug|Any CPU
		{14D4AE10-43C6-4B10-AB73-F431B7E527BA}.Debug|Any CPU.Build.0 = Debug|Any CPU
		{14D4AE10-43C6-4B10-AB73-F431B7E527BA}.Release|Any CPU.ActiveCfg = Release|Any CPU
		{14D4AE10-43C6-4B10-AB73-F431B7E527BA}.Release|Any CPU.Build.0 = Release|Any CPU
	EndGlobalSection
	GlobalSection(SolutionProperties) = preSolution
		HideSolutionNode = FALSE
	EndGlobalSection
	GlobalSection(ExtensibilityGlobals) = postSolution
		SolutionGuid = {9C2D95ED-898C-4AEA-B7F0-94455E0CD929}
	EndGlobalSection
EndGlobal
