
Microsoft Visual Studio Solution File, Format Version 12.00
# Visual Studio Version 17
VisualStudioVersion = 17.0.32112.339
MinimumVisualStudioVersion = 10.0.40219.1
Project("{FAE04EC0-301F-11D3-BF4B-00C04F79EFBC}") = "linkassignment1", "linkassignment1\linkassignment1.csproj", "{82D77895-0834-4F14-BEB5-E299ADBF290C}"
EndProject
Global
	GlobalSection(SolutionConfigurationPlatforms) = preSolution
		Debug|x86 = Debug|x86
		Release|x86 = Release|x86
	EndGlobalSection
	GlobalSection(ProjectConfigurationPlatforms) = postSolution
		{82D77895-0834-4F14-BEB5-E299ADBF290C}.Debug|x86.ActiveCfg = Debug|x86
		{82D77895-0834-4F14-BEB5-E299ADBF290C}.Debug|x86.Build.0 = Debug|x86
		{82D77895-0834-4F14-BEB5-E299ADBF290C}.Release|x86.ActiveCfg = Release|x86
		{82D77895-0834-4F14-BEB5-E299ADBF290C}.Release|x86.Build.0 = Release|x86
	EndGlobalSection
	GlobalSection(SolutionProperties) = preSolution
		HideSolutionNode = FALSE
	EndGlobalSection
	GlobalSection(ExtensibilityGlobals) = postSolution
		SolutionGuid = {7BCFF4F5-A2A1-4B48-BFE6-AD9A693409E5}
	EndGlobalSection
EndGlobal
